
Microsoft Visual Studio Solution File, Format Version 12.00
# Visual Studio Version 16
VisualStudioVersion = 16.0.31410.357
MinimumVisualStudioVersion = 10.0.40219.1
Project("{FAE04EC0-301F-11D3-BF4B-00C04F79EFBC}") = "YOlshinAnton.QueryBuilder", "YOlshinAnton.QueryBuilder\YOlshinAnton.QueryBuilder.csproj", "{F276B70C-674E-4BF4-898B-D60FF472E29E}"
EndProject
Global
	GlobalSection(SolutionConfigurationPlatforms) = preSolution
		Debug|Any CPU = Debug|Any CPU
		Release|Any CPU = Release|Any CPU
	EndGlobalSection
	GlobalSection(ProjectConfigurationPlatforms) = postSolution
		{F276B70C-674E-4BF4-898B-D60FF472E29E}.Debug|Any CPU.ActiveCfg = Debug|Any CPU
		{F276B70C-674E-4BF4-898B-D60FF472E29E}.Debug|Any CPU.Build.0 = Debug|Any CPU
		{F276B70C-674E-4BF4-898B-D60FF472E29E}.Release|Any CPU.ActiveCfg = Release|Any CPU
		{F276B70C-674E-4BF4-898B-D60FF472E29E}.Release|Any CPU.Build.0 = Release|Any CPU
	EndGlobalSection
	GlobalSection(SolutionProperties) = preSolution
		HideSolutionNode = FALSE
	EndGlobalSection
	GlobalSection(ExtensibilityGlobals) = postSolution
		SolutionGuid = {EFCB54A6-EDF6-42DC-A9D4-D7AC66E7620B}
	EndGlobalSection
EndGlobal
